
Microsoft Visual Studio Solution File, Format Version 12.00
# Visual Studio Version 17
VisualStudioVersion = 17.4.33205.214
MinimumVisualStudioVersion = 10.0.40219.1
Project("{FAE04EC0-301F-11D3-BF4B-00C04F79EFBC}") = "MicroHomo", "MicroHomo.csproj", "{309E0422-FBAD-4E7D-BBA9-D44B4C4BE741}"
EndProject
Global
	GlobalSection(SolutionConfigurationPlatforms) = preSolution
		Debug|Any CPU = Debug|Any CPU
		Release|Any CPU = Release|Any CPU
	EndGlobalSection
	GlobalSection(ProjectConfigurationPlatforms) = postSolution
		{309E0422-FBAD-4E7D-BBA9-D44B4C4BE741}.Debug|Any CPU.ActiveCfg = Debug|Any CPU
		{309E0422-FBAD-4E7D-BBA9-D44B4C4BE741}.Debug|Any CPU.Build.0 = Debug|Any CPU
		{309E0422-FBAD-4E7D-BBA9-D44B4C4BE741}.Release|Any CPU.ActiveCfg = Release|Any CPU
		{309E0422-FBAD-4E7D-BBA9-D44B4C4BE741}.Release|Any CPU.Build.0 = Release|Any CPU
	EndGlobalSection
	GlobalSection(SolutionProperties) = preSolution
		HideSolutionNode = FALSE
	EndGlobalSection
	GlobalSection(ExtensibilityGlobals) = postSolution
		SolutionGuid = {B64131EA-DDF2-4182-83E8-BC8557D90AB9}
	EndGlobalSection
EndGlobal
